{
  "R": {
    "Version": "4.5.1",
    "Repositories": [
      {
        "Name": "CRAN",
        "URL": "https://packagemanager.posit.co/cran/latest"
      }
    ]
  },
  "Packages": {
    "pbapply": {
      "Package": "pbapply",
      "Version": "1.7-4",
      "Source": "Repository",
      "Type": "Package",
      "Title": "Adding Progress Bar to '*apply' Functions",
      "Date": "2025-07-19",
      "Authors@R": "c(person(given = \"Peter\", family = \"Solymos\", comment = c(ORCID = \"0000-0001-7337-1740\"), role = c(\"aut\", \"cre\"), email = \"psolymos@gmail.com\"), person(given = \"Zygmunt\", family = \"Zawadzki\", role = \"aut\", email = \"zygmunt@zstat.pl\"), person(given = \"Henrik\",  family = \"Bengtsson\",  role = \"ctb\", email = \"henrikb@braju.com\"), person(\"R Core Team\", role = c(\"cph\", \"ctb\")))",
      "Maintainer": "Peter Solymos <psolymos@gmail.com>",
      "Description": "A lightweight package that adds progress bar to vectorized R functions ('*apply'). The implementation can easily be added to functions where showing the progress is useful (e.g. bootstrap). The type and style of the progress bar (with percentages or remaining time) can be set through options. Supports several parallel processing backends including mirai and future.",
      "Depends": [
        "R (>= 3.2.0)"
      ],
      "Imports": [
        "parallel"
      ],
      "Suggests": [
        "shiny",
        "future",
        "future.apply"
      ],
      "License": "GPL (>= 2)",
      "URL": "https://github.com/psolymos/pbapply, https://peter.solymos.org/pbapply/",
      "BugReports": "https://github.com/psolymos/pbapply/issues",
      "NeedsCompilation": "no",
      "Author": "Peter Solymos [aut, cre] (ORCID: <https://orcid.org/0000-0001-7337-1740>), Zygmunt Zawadzki [aut], Henrik Bengtsson [ctb], R Core Team [cph, ctb]",
      "Repository": "CRAN",
      "Encoding": "UTF-8"
    },
    "renv": {
      "Package": "renv",
      "Version": "1.1.5",
      "Source": "Repository",
      "Type": "Package",
      "Title": "Project Environments",
      "Authors@R": "c( person(\"Kevin\", \"Ushey\", role = c(\"aut\", \"cre\"), email = \"kevin@rstudio.com\", comment = c(ORCID = \"0000-0003-2880-7407\")), person(\"Hadley\", \"Wickham\", role = c(\"aut\"), email = \"hadley@rstudio.com\", comment = c(ORCID = \"0000-0003-4757-117X\")), person(\"Posit Software, PBC\", role = c(\"cph\", \"fnd\")) )",
      "Description": "A dependency management toolkit for R. Using 'renv', you can create and manage project-local R libraries, save the state of these libraries to a 'lockfile', and later restore your library as required. Together, these tools can help make your projects more isolated, portable, and reproducible.",
      "License": "MIT + file LICENSE",
      "URL": "https://rstudio.github.io/renv/, https://github.com/rstudio/renv",
      "BugReports": "https://github.com/rstudio/renv/issues",
      "Imports": [
        "utils"
      ],
      "Suggests": [
        "BiocManager",
        "cli",
        "compiler",
        "covr",
        "cpp11",
        "devtools",
        "generics",
        "gitcreds",
        "jsonlite",
        "jsonvalidate",
        "knitr",
        "miniUI",
        "modules",
        "packrat",
        "pak",
        "R6",
        "remotes",
        "reticulate",
        "rmarkdown",
        "rstudioapi",
        "shiny",
        "testthat",
        "uuid",
        "waldo",
        "yaml",
        "webfakes"
      ],
      "Encoding": "UTF-8",
      "RoxygenNote": "7.3.2",
      "VignetteBuilder": "knitr",
      "Config/Needs/website": "tidyverse/tidytemplate",
      "Config/testthat/edition": "3",
      "Config/testthat/parallel": "true",
      "Config/testthat/start-first": "bioconductor,python,install,restore,snapshot,retrieve,remotes",
      "NeedsCompilation": "no",
      "Author": "Kevin Ushey [aut, cre] (ORCID: <https://orcid.org/0000-0003-2880-7407>), Hadley Wickham [aut] (ORCID: <https://orcid.org/0000-0003-4757-117X>), Posit Software, PBC [cph, fnd]",
      "Maintainer": "Kevin Ushey <kevin@rstudio.com>",
      "Repository": "CRAN"
    }
  }
}
